
Microsoft Visual Studio Solution File, Format Version 12.00
# Visual Studio 15
VisualStudioVersion = 15.0.28010.2003
MinimumVisualStudioVersion = 10.0.40219.1
Project("{FAE04EC0-301F-11D3-BF4B-00C04F79EFBC}") = "Sweepstakes", "Sweepstakes\Sweepstakes.csproj", "{44C498E9-2B9F-4B8F-8EB6-B0409B824824}"
EndProject
Global
	GlobalSection(SolutionConfigurationPlatforms) = preSolution
		Debug|Any CPU = Debug|Any CPU
		Release|Any CPU = Release|Any CPU
	EndGlobalSection
	GlobalSection(ProjectConfigurationPlatforms) = postSolution
		{44C498E9-2B9F-4B8F-8EB6-B0409B824824}.Debug|Any CPU.ActiveCfg = Debug|Any CPU
		{44C498E9-2B9F-4B8F-8EB6-B0409B824824}.Debug|Any CPU.Build.0 = Debug|Any CPU
		{44C498E9-2B9F-4B8F-8EB6-B0409B824824}.Release|Any CPU.ActiveCfg = Release|Any CPU
		{44C498E9-2B9F-4B8F-8EB6-B0409B824824}.Release|Any CPU.Build.0 = Release|Any CPU
	EndGlobalSection
	GlobalSection(SolutionProperties) = preSolution
		HideSolutionNode = FALSE
	EndGlobalSection
	GlobalSection(ExtensibilityGlobals) = postSolution
		SolutionGuid = {AEA120D9-80C7-4B47-9955-12C1C2212959}
	EndGlobalSection
EndGlobal
